
Microsoft Visual Studio Solution File, Format Version 12.00
# Visual Studio Version 17
VisualStudioVersion = 17.8.34322.80
MinimumVisualStudioVersion = 10.0.40219.1
Project("{FAE04EC0-301F-11D3-BF4B-00C04F79EFBC}") = "MediaTek", "MediaTek.csproj", "{D6099DEF-1EA5-4574-8A3C-D12B0578F911}"
EndProject
Global
	GlobalSection(SolutionConfigurationPlatforms) = preSolution
		Debug|Any CPU = Debug|Any CPU
		Release|Any CPU = Release|Any CPU
	EndGlobalSection
	GlobalSection(ProjectConfigurationPlatforms) = postSolution
		{D6099DEF-1EA5-4574-8A3C-D12B0578F911}.Debug|Any CPU.ActiveCfg = Debug|Any CPU
		{D6099DEF-1EA5-4574-8A3C-D12B0578F911}.Debug|Any CPU.Build.0 = Debug|Any CPU
		{D6099DEF-1EA5-4574-8A3C-D12B0578F911}.Release|Any CPU.ActiveCfg = Release|Any CPU
		{D6099DEF-1EA5-4574-8A3C-D12B0578F911}.Release|Any CPU.Build.0 = Release|Any CPU
	EndGlobalSection
	GlobalSection(SolutionProperties) = preSolution
		HideSolutionNode = FALSE
	EndGlobalSection
	GlobalSection(ExtensibilityGlobals) = postSolution
		SolutionGuid = {91FF66DD-0CE6-451C-9C82-1A0D0ED0BDAE}
	EndGlobalSection
EndGlobal
